
Microsoft Visual Studio Solution File, Format Version 12.00
# Visual Studio 2013
VisualStudioVersion = 12.0.21005.1
MinimumVisualStudioVersion = 10.0.40219.1
Project("{8BC9CEB8-8B4A-11D0-8D11-00A0C91BC942}") = "PointAnaly", "PointAnaly\PointAnaly.vcxproj", "{88B97979-649D-427C-BEF1-727712FEF448}"
EndProject
Global
	GlobalSection(SolutionConfigurationPlatforms) = preSolution
		Debug|ARM = Debug|ARM
		Debug|Win32 = Debug|Win32
		Debug|x64 = Debug|x64
		Release|ARM = Release|ARM
		Release|Win32 = Release|Win32
		Release|x64 = Release|x64
	EndGlobalSection
	GlobalSection(ProjectConfigurationPlatforms) = postSolution
		{88B97979-649D-427C-BEF1-727712FEF448}.Debug|ARM.ActiveCfg = Debug|x64
		{88B97979-649D-427C-BEF1-727712FEF448}.Debug|ARM.Build.0 = Debug|x64
		{88B97979-649D-427C-BEF1-727712FEF448}.Debug|Win32.ActiveCfg = Debug|x64
		{88B97979-649D-427C-BEF1-727712FEF448}.Debug|Win32.Build.0 = Debug|x64
		{88B97979-649D-427C-BEF1-727712FEF448}.Debug|x64.ActiveCfg = Debug|x64
		{88B97979-649D-427C-BEF1-727712FEF448}.Debug|x64.Build.0 = Debug|x64
		{88B97979-649D-427C-BEF1-727712FEF448}.Release|ARM.ActiveCfg = Release|Win32
		{88B97979-649D-427C-BEF1-727712FEF448}.Release|ARM.Build.0 = Release|Win32
		{88B97979-649D-427C-BEF1-727712FEF448}.Release|Win32.ActiveCfg = Release|Win32
		{88B97979-649D-427C-BEF1-727712FEF448}.Release|Win32.Build.0 = Release|Win32
		{88B97979-649D-427C-BEF1-727712FEF448}.Release|x64.ActiveCfg = Release|x64
		{88B97979-649D-427C-BEF1-727712FEF448}.Release|x64.Build.0 = Release|x64
	EndGlobalSection
	GlobalSection(SolutionProperties) = preSolution
		HideSolutionNode = FALSE
	EndGlobalSection
EndGlobal
